
Microsoft Visual Studio Solution File, Format Version 12.00
# Visual Studio Version 17
VisualStudioVersion = 17.11.35327.3
MinimumVisualStudioVersion = 10.0.40219.1
Project("{FAE04EC0-301F-11D3-BF4B-00C04F79EFBC}") = "Dependency-Injection", "ConsoleApp2\Dependency-Injection.csproj", "{051E01A5-995E-4F75-8FE9-EFD023B85D9E}"
EndProject
Global
	GlobalSection(SolutionConfigurationPlatforms) = preSolution
		Debug|Any CPU = Debug|Any CPU
		Release|Any CPU = Release|Any CPU
	EndGlobalSection
	GlobalSection(ProjectConfigurationPlatforms) = postSolution
		{051E01A5-995E-4F75-8FE9-EFD023B85D9E}.Debug|Any CPU.ActiveCfg = Debug|Any CPU
		{051E01A5-995E-4F75-8FE9-EFD023B85D9E}.Debug|Any CPU.Build.0 = Debug|Any CPU
		{051E01A5-995E-4F75-8FE9-EFD023B85D9E}.Release|Any CPU.ActiveCfg = Release|Any CPU
		{051E01A5-995E-4F75-8FE9-EFD023B85D9E}.Release|Any CPU.Build.0 = Release|Any CPU
	EndGlobalSection
	GlobalSection(SolutionProperties) = preSolution
		HideSolutionNode = FALSE
	EndGlobalSection
	GlobalSection(ExtensibilityGlobals) = postSolution
		SolutionGuid = {DF776A2D-E7C2-4052-8CE9-1E7F325C72B6}
	EndGlobalSection
EndGlobal
